
Microsoft Visual Studio Solution File, Format Version 12.00
# Visual Studio Version 16
VisualStudioVersion = 16.0.30503.244
MinimumVisualStudioVersion = 10.0.40219.1
Project("{FAE04EC0-301F-11D3-BF4B-00C04F79EFBC}") = "ef_simple", "ef_simple\ef_simple.csproj", "{8C2D3023-BF12-4B25-AB31-939D5DAD6D0D}"
EndProject
Project("{FAE04EC0-301F-11D3-BF4B-00C04F79EFBC}") = "EF_simple_console", "EF_simple_console\EF_simple_console.csproj", "{78E3D3E8-458A-4FB0-B17B-6CFBFFE6E8FE}"
EndProject
Global
	GlobalSection(SolutionConfigurationPlatforms) = preSolution
		Debug|Any CPU = Debug|Any CPU
		Release|Any CPU = Release|Any CPU
	EndGlobalSection
	GlobalSection(ProjectConfigurationPlatforms) = postSolution
		{8C2D3023-BF12-4B25-AB31-939D5DAD6D0D}.Debug|Any CPU.ActiveCfg = Debug|Any CPU
		{8C2D3023-BF12-4B25-AB31-939D5DAD6D0D}.Debug|Any CPU.Build.0 = Debug|Any CPU
		{8C2D3023-BF12-4B25-AB31-939D5DAD6D0D}.Release|Any CPU.ActiveCfg = Release|Any CPU
		{8C2D3023-BF12-4B25-AB31-939D5DAD6D0D}.Release|Any CPU.Build.0 = Release|Any CPU
		{78E3D3E8-458A-4FB0-B17B-6CFBFFE6E8FE}.Debug|Any CPU.ActiveCfg = Debug|Any CPU
		{78E3D3E8-458A-4FB0-B17B-6CFBFFE6E8FE}.Debug|Any CPU.Build.0 = Debug|Any CPU
		{78E3D3E8-458A-4FB0-B17B-6CFBFFE6E8FE}.Release|Any CPU.ActiveCfg = Release|Any CPU
		{78E3D3E8-458A-4FB0-B17B-6CFBFFE6E8FE}.Release|Any CPU.Build.0 = Release|Any CPU
	EndGlobalSection
	GlobalSection(SolutionProperties) = preSolution
		HideSolutionNode = FALSE
	EndGlobalSection
	GlobalSection(ExtensibilityGlobals) = postSolution
		SolutionGuid = {29178CDB-B782-4376-B103-85D012B18722}
	EndGlobalSection
EndGlobal
