
Microsoft Visual Studio Solution File, Format Version 12.00
# Visual Studio Version 16
VisualStudioVersion = 16.0.30503.244
MinimumVisualStudioVersion = 10.0.40219.1
Project("{D954291E-2A0B-460D-934E-DC6B0785DB48}") = "metanit", "metanit\metanit.shproj", "{FB660128-6051-4282-AC50-A6BFCB6977FD}"
EndProject
Global
	GlobalSection(SharedMSBuildProjectFiles) = preSolution
		metanit\metanit.projitems*{fb660128-6051-4282-ac50-a6bfcb6977fd}*SharedItemsImports = 13
	EndGlobalSection
	GlobalSection(SolutionProperties) = preSolution
		HideSolutionNode = FALSE
	EndGlobalSection
	GlobalSection(ExtensibilityGlobals) = postSolution
		SolutionGuid = {29178CDB-B782-4376-B103-85D012B18722}
	EndGlobalSection
EndGlobal
